
Microsoft Visual Studio Solution File, Format Version 12.00
# Visual Studio 15
VisualStudioVersion = 15.0.27428.2015
MinimumVisualStudioVersion = 10.0.40219.1
Project("{FAE04EC0-301F-11D3-BF4B-00C04F79EFBC}") = "MusicPlayer", "MusicPlayer\MusicPlayer.csproj", "{6466114E-8507-4892-A9DE-07A5EB381B7B}"
EndProject
Global
	GlobalSection(SolutionConfigurationPlatforms) = preSolution
		Debug|Any CPU = Debug|Any CPU
		Release|Any CPU = Release|Any CPU
	EndGlobalSection
	GlobalSection(ProjectConfigurationPlatforms) = postSolution
		{6466114E-8507-4892-A9DE-07A5EB381B7B}.Debug|Any CPU.ActiveCfg = Debug|Any CPU
		{6466114E-8507-4892-A9DE-07A5EB381B7B}.Debug|Any CPU.Build.0 = Debug|Any CPU
		{6466114E-8507-4892-A9DE-07A5EB381B7B}.Release|Any CPU.ActiveCfg = Release|Any CPU
		{6466114E-8507-4892-A9DE-07A5EB381B7B}.Release|Any CPU.Build.0 = Release|Any CPU
	EndGlobalSection
	GlobalSection(SolutionProperties) = preSolution
		HideSolutionNode = FALSE
	EndGlobalSection
	GlobalSection(ExtensibilityGlobals) = postSolution
		SolutionGuid = {6B1CDC8E-216E-45B0-A086-225674486DF5}
	EndGlobalSection
EndGlobal
